
Microsoft Visual Studio Solution File, Format Version 12.00
# Visual Studio Version 16
VisualStudioVersion = 16.0.30523.141
MinimumVisualStudioVersion = 10.0.40219.1
Project("{FAE04EC0-301F-11D3-BF4B-00C04F79EFBC}") = "MarketBrowser", "MarketBrowser\MarketBrowser.csproj", "{36E5EC68-C64C-498D-A1E3-6F162B497BC8}"
EndProject
Global
	GlobalSection(SolutionConfigurationPlatforms) = preSolution
		Debug|Any CPU = Debug|Any CPU
		Release|Any CPU = Release|Any CPU
	EndGlobalSection
	GlobalSection(ProjectConfigurationPlatforms) = postSolution
		{36E5EC68-C64C-498D-A1E3-6F162B497BC8}.Debug|Any CPU.ActiveCfg = Debug|Any CPU
		{36E5EC68-C64C-498D-A1E3-6F162B497BC8}.Debug|Any CPU.Build.0 = Debug|Any CPU
		{36E5EC68-C64C-498D-A1E3-6F162B497BC8}.Release|Any CPU.ActiveCfg = Release|Any CPU
		{36E5EC68-C64C-498D-A1E3-6F162B497BC8}.Release|Any CPU.Build.0 = Release|Any CPU
	EndGlobalSection
	GlobalSection(SolutionProperties) = preSolution
		HideSolutionNode = FALSE
	EndGlobalSection
	GlobalSection(ExtensibilityGlobals) = postSolution
		SolutionGuid = {9D0F3FDD-E5F5-4C75-A5FA-7E09735661A9}
	EndGlobalSection
EndGlobal
